
Microsoft Visual Studio Solution File, Format Version 12.00
# Visual Studio Version 17
VisualStudioVersion = 17.14.36518.9 d17.14
MinimumVisualStudioVersion = 10.0.40219.1
Project("{FAE04EC0-301F-11D3-BF4B-00C04F79EFBC}") = "CakeBuild", "FirepitsShowFuel\CakeBuild\CakeBuild.csproj", "{8A136CDA-DB44-4594-8D74-9DCABE10220E}"
EndProject
Project("{FAE04EC0-301F-11D3-BF4B-00C04F79EFBC}") = "FirepitsShowFuel", "FirepitsShowFuel\FirepitsShowFuel\FirepitsShowFuel.csproj", "{EC9952B9-B1CD-408A-8D44-FA8F6D3EC293}"
EndProject
Global
	GlobalSection(SolutionConfigurationPlatforms) = preSolution
		Debug|Any CPU = Debug|Any CPU
		Release|Any CPU = Release|Any CPU
	EndGlobalSection
	GlobalSection(ProjectConfigurationPlatforms) = postSolution
		{8A136CDA-DB44-4594-8D74-9DCABE10220E}.Debug|Any CPU.ActiveCfg = Debug|Any CPU
		{8A136CDA-DB44-4594-8D74-9DCABE10220E}.Debug|Any CPU.Build.0 = Debug|Any CPU
		{8A136CDA-DB44-4594-8D74-9DCABE10220E}.Release|Any CPU.ActiveCfg = Release|Any CPU
		{8A136CDA-DB44-4594-8D74-9DCABE10220E}.Release|Any CPU.Build.0 = Release|Any CPU
		{EC9952B9-B1CD-408A-8D44-FA8F6D3EC293}.Debug|Any CPU.ActiveCfg = Debug|Any CPU
		{EC9952B9-B1CD-408A-8D44-FA8F6D3EC293}.Debug|Any CPU.Build.0 = Debug|Any CPU
		{EC9952B9-B1CD-408A-8D44-FA8F6D3EC293}.Release|Any CPU.ActiveCfg = Release|Any CPU
		{EC9952B9-B1CD-408A-8D44-FA8F6D3EC293}.Release|Any CPU.Build.0 = Release|Any CPU
	EndGlobalSection
	GlobalSection(SolutionProperties) = preSolution
		HideSolutionNode = FALSE
	EndGlobalSection
	GlobalSection(ExtensibilityGlobals) = postSolution
		SolutionGuid = {EC1FC2D5-B109-48EF-ADDC-3F745EA79B1B}
	EndGlobalSection
EndGlobal
